
Microsoft Visual Studio Solution File, Format Version 12.00
# Visual Studio Version 17
VisualStudioVersion = 17.6.33829.357
MinimumVisualStudioVersion = 10.0.40219.1
Project("{FAE04EC0-301F-11D3-BF4B-00C04F79EFBC}") = "Lab", "Lab13\Lab.csproj", "{3A74AA72-CACE-4843-93BF-78B7E3168E70}"
EndProject
Global
	GlobalSection(SolutionConfigurationPlatforms) = preSolution
		Debug|Any CPU = Debug|Any CPU
		Release|Any CPU = Release|Any CPU
	EndGlobalSection
	GlobalSection(ProjectConfigurationPlatforms) = postSolution
		{3A74AA72-CACE-4843-93BF-78B7E3168E70}.Debug|Any CPU.ActiveCfg = Debug|Any CPU
		{3A74AA72-CACE-4843-93BF-78B7E3168E70}.Debug|Any CPU.Build.0 = Debug|Any CPU
		{3A74AA72-CACE-4843-93BF-78B7E3168E70}.Release|Any CPU.ActiveCfg = Release|Any CPU
		{3A74AA72-CACE-4843-93BF-78B7E3168E70}.Release|Any CPU.Build.0 = Release|Any CPU
	EndGlobalSection
	GlobalSection(SolutionProperties) = preSolution
		HideSolutionNode = FALSE
	EndGlobalSection
	GlobalSection(ExtensibilityGlobals) = postSolution
		SolutionGuid = {562719F5-B7A6-4AC6-BE91-2EBAFEA275DA}
	EndGlobalSection
EndGlobal
